
Microsoft Visual Studio Solution File, Format Version 12.00
# Visual Studio Version 17
VisualStudioVersion = 17.5.33627.172
MinimumVisualStudioVersion = 10.0.40219.1
Project("{9A19103F-16F7-4668-BE54-9A1E7A4F7556}") = "Invoice.Api", "Invoice.Api\Invoice.Api.csproj", "{5527F5FB-27C7-4FD8-B130-249EE78074DE}"
EndProject
Project("{9A19103F-16F7-4668-BE54-9A1E7A4F7556}") = "Invoice.Api.Domains", "Invoice.Api.Domains\Invoice.Api.Domains.csproj", "{78988B1E-7827-4370-A2EA-D29150130D7E}"
EndProject
Project("{9A19103F-16F7-4668-BE54-9A1E7A4F7556}") = "Invoice.Api.Data", "Invoice.Api.Data\Invoice.Api.Data.csproj", "{B803FFCE-0FBA-4E6F-9FAF-2C75BED3A06D}"
EndProject
Project("{9A19103F-16F7-4668-BE54-9A1E7A4F7556}") = "Invoice.Api.Domains.Tests", "Invoice.Api.Domains.Tests\Invoice.Api.Domains.Tests.csproj", "{180656A1-0DD3-4E97-9C23-15BF33FFEA19}"
EndProject
Project("{2150E333-8FDC-42A3-9474-1A3956D46DE8}") = "scripts", "scripts", "{D351F55B-346A-43CB-95F1-57D1723F48C3}"
	ProjectSection(SolutionItems) = preProject
		scripts\add-migration.ps1 = scripts\add-migration.ps1
		scripts\script-migrations.ps1 = scripts\script-migrations.ps1
	EndProjectSection
EndProject
Global
	GlobalSection(SolutionConfigurationPlatforms) = preSolution
		Debug|Any CPU = Debug|Any CPU
		Release|Any CPU = Release|Any CPU
	EndGlobalSection
	GlobalSection(ProjectConfigurationPlatforms) = postSolution
		{5527F5FB-27C7-4FD8-B130-249EE78074DE}.Debug|Any CPU.ActiveCfg = Debug|Any CPU
		{5527F5FB-27C7-4FD8-B130-249EE78074DE}.Debug|Any CPU.Build.0 = Debug|Any CPU
		{5527F5FB-27C7-4FD8-B130-249EE78074DE}.Release|Any CPU.ActiveCfg = Release|Any CPU
		{5527F5FB-27C7-4FD8-B130-249EE78074DE}.Release|Any CPU.Build.0 = Release|Any CPU
		{78988B1E-7827-4370-A2EA-D29150130D7E}.Debug|Any CPU.ActiveCfg = Debug|Any CPU
		{78988B1E-7827-4370-A2EA-D29150130D7E}.Debug|Any CPU.Build.0 = Debug|Any CPU
		{78988B1E-7827-4370-A2EA-D29150130D7E}.Release|Any CPU.ActiveCfg = Release|Any CPU
		{78988B1E-7827-4370-A2EA-D29150130D7E}.Release|Any CPU.Build.0 = Release|Any CPU
		{B803FFCE-0FBA-4E6F-9FAF-2C75BED3A06D}.Debug|Any CPU.ActiveCfg = Debug|Any CPU
		{B803FFCE-0FBA-4E6F-9FAF-2C75BED3A06D}.Debug|Any CPU.Build.0 = Debug|Any CPU
		{B803FFCE-0FBA-4E6F-9FAF-2C75BED3A06D}.Release|Any CPU.ActiveCfg = Release|Any CPU
		{B803FFCE-0FBA-4E6F-9FAF-2C75BED3A06D}.Release|Any CPU.Build.0 = Release|Any CPU
		{180656A1-0DD3-4E97-9C23-15BF33FFEA19}.Debug|Any CPU.ActiveCfg = Debug|Any CPU
		{180656A1-0DD3-4E97-9C23-15BF33FFEA19}.Debug|Any CPU.Build.0 = Debug|Any CPU
		{180656A1-0DD3-4E97-9C23-15BF33FFEA19}.Release|Any CPU.ActiveCfg = Release|Any CPU
		{180656A1-0DD3-4E97-9C23-15BF33FFEA19}.Release|Any CPU.Build.0 = Release|Any CPU
	EndGlobalSection
	GlobalSection(SolutionProperties) = preSolution
		HideSolutionNode = FALSE
	EndGlobalSection
	GlobalSection(ExtensibilityGlobals) = postSolution
		SolutionGuid = {6256FD22-E625-46F7-99E2-8E270581BC8A}
	EndGlobalSection
EndGlobal
