Microsoft Visual Studio Solution File, Format Version 12.00
# Visual Studio Version 17
VisualStudioVersion = 17.0.31611.283
MinimumVisualStudioVersion = 10.0.40219.1
Project("{9A19103F-16F7-4668-BE54-9A1E7A4F7556}") = "Invoice.Desktop", "Invoice.Desktop\Invoice.Desktop.csproj", "{40E8CCA0-ABD2-451B-A01A-0F7E4B590132}"
EndProject
Project("{FAE04EC0-301F-11D3-BF4B-00C04F79EFBC}") = "Invoice.Desktop.Domains", "Invoice.Desktop.Domains\Invoice.Desktop.Domains.csproj", "{4E768B0C-9695-40D4-9863-EA7FA57CC74B}"
EndProject
Global
	GlobalSection(SolutionConfigurationPlatforms) = preSolution
		Debug|Any CPU = Debug|Any CPU
		Release|Any CPU = Release|Any CPU
	EndGlobalSection
	GlobalSection(ProjectConfigurationPlatforms) = postSolution
		{40E8CCA0-ABD2-451B-A01A-0F7E4B590132}.Debug|Any CPU.ActiveCfg = Debug|Any CPU
		{40E8CCA0-ABD2-451B-A01A-0F7E4B590132}.Debug|Any CPU.Build.0 = Debug|Any CPU
		{40E8CCA0-ABD2-451B-A01A-0F7E4B590132}.Debug|Any CPU.Deploy.0 = Debug|Any CPU
		{40E8CCA0-ABD2-451B-A01A-0F7E4B590132}.Release|Any CPU.ActiveCfg = Release|Any CPU
		{40E8CCA0-ABD2-451B-A01A-0F7E4B590132}.Release|Any CPU.Build.0 = Release|Any CPU
		{40E8CCA0-ABD2-451B-A01A-0F7E4B590132}.Release|Any CPU.Deploy.0 = Release|Any CPU
		{4E768B0C-9695-40D4-9863-EA7FA57CC74B}.Debug|Any CPU.ActiveCfg = Debug|Any CPU
		{4E768B0C-9695-40D4-9863-EA7FA57CC74B}.Debug|Any CPU.Build.0 = Debug|Any CPU
		{4E768B0C-9695-40D4-9863-EA7FA57CC74B}.Release|Any CPU.ActiveCfg = Release|Any CPU
		{4E768B0C-9695-40D4-9863-EA7FA57CC74B}.Release|Any CPU.Build.0 = Release|Any CPU
	EndGlobalSection
	GlobalSection(SolutionProperties) = preSolution
		HideSolutionNode = FALSE
	EndGlobalSection
	GlobalSection(ExtensibilityGlobals) = postSolution
		SolutionGuid = {61F7FB11-1E47-470C-91E2-47F8143E1572}
	EndGlobalSection
EndGlobal
